<?xml version="1.0" encoding="utf-8"?>
<Project ToolsVersion="4.0" xmlns="http://schemas.microsoft.com/developer/msbuild/2003">
  <ItemGroup>
    <Filter Include="Source Files">
      <UniqueIdentifier>{4FC737F1-C7A5-4376-A066-2A32D752A2FF}</UniqueIdentifier>
      <Extensions>cpp;c;cc;cxx;def;odl;idl;hpj;bat;asm;asmx</Extensions>
    </Filter>
    <Filter Include="Header Files">
      <UniqueIdentifier>{93995380-89BD-4b04-88EB-625FBE52EBFB}</UniqueIdentifier>
      <Extensions>h;hpp;hxx;hm;inl;inc;xsd</Extensions>
    </Filter>
    <Filter Include="Resource Files">
      <UniqueIdentifier>{67DA6AB6-F800-4c08-8B7A-83BB121AAD01}</UniqueIdentifier>
      <Extensions>rc;ico;cur;bmp;dlg;rc2;rct;bin;rgs;gif;jpg;jpeg;jpe;resx;tiff;tif;png;wav;mfcribbon-ms</Extensions>
    </Filter>
  </ItemGroup>
  <ItemGroup>
    <ClInclude Include="WordBreakII.h">
      <Filter>Header Files</Filter>
    </ClInclude>
    <ClInclude Include="common.h">
      <Filter>Header Files</Filter>
    </ClInclude>
    <ClInclude Include="WordBreak.h">
      <Filter>Header Files</Filter>
    </ClInclude>
    <ClInclude Include="CopyListwithRandomPointer.h">
      <Filter>Header Files</Filter>
    </ClInclude>
    <ClInclude Include="SingleNumber.h">
      <Filter>Header Files</Filter>
    </ClInclude>
    <ClInclude Include="SingleNumberII.h">
      <Filter>Header Files</Filter>
    </ClInclude>
    <ClInclude Include="Candy.h">
      <Filter>Header Files</Filter>
    </ClInclude>
    <ClInclude Include="CloneGraph.h">
      <Filter>Header Files</Filter>
    </ClInclude>
    <ClInclude Include="PalindromePartitioning.h">
      <Filter>Header Files</Filter>
    </ClInclude>
    <ClInclude Include="PalindromePartitioningII.h">
      <Filter>Header Files</Filter>
    </ClInclude>
    <ClInclude Include="RemoveNthNodeFromEndofList.h">
      <Filter>Header Files</Filter>
    </ClInclude>
    <ClInclude Include="BinaryTreeZigzagLevelOrderTraversal.h">
      <Filter>Header Files</Filter>
    </ClInclude>
    <ClInclude Include="BinaryTreeLevelOrderTraversal.h">
      <Filter>Header Files</Filter>
    </ClInclude>
    <ClInclude Include="SymmetricTree.h">
      <Filter>Header Files</Filter>
    </ClInclude>
    <ClInclude Include="SameTree.h">
      <Filter>Header Files</Filter>
    </ClInclude>
    <ClInclude Include="RecoverBinarySearchTree.h">
      <Filter>Header Files</Filter>
    </ClInclude>
    <ClInclude Include="ValidateBinarySearchTree.h">
      <Filter>Header Files</Filter>
    </ClInclude>
    <ClInclude Include="InterleavingString.h">
      <Filter>Header Files</Filter>
    </ClInclude>
    <ClInclude Include="UniqueBinarySearchTrees.h">
      <Filter>Header Files</Filter>
    </ClInclude>
    <ClInclude Include="UniqueBinarySearchTreesII.h">
      <Filter>Header Files</Filter>
    </ClInclude>
    <ClInclude Include="BinaryTreeInorderTraversal.h">
      <Filter>Header Files</Filter>
    </ClInclude>
    <ClInclude Include="RestoreIPAddresses.h">
      <Filter>Header Files</Filter>
    </ClInclude>
    <ClInclude Include="ReverseLinkedListII.h">
      <Filter>Header Files</Filter>
    </ClInclude>
    <ClInclude Include="Subsets.h">
      <Filter>Header Files</Filter>
    </ClInclude>
    <ClInclude Include="SubsetsII.h">
      <Filter>Header Files</Filter>
    </ClInclude>
    <ClInclude Include="DecodeWays.h">
      <Filter>Header Files</Filter>
    </ClInclude>
    <ClInclude Include="GreyCode.h">
      <Filter>Header Files</Filter>
    </ClInclude>
    <ClInclude Include="ScrambleString.h">
      <Filter>Header Files</Filter>
    </ClInclude>
    <ClInclude Include="PartitionList.h">
      <Filter>Header Files</Filter>
    </ClInclude>
    <ClInclude Include="LargestRectangleinHistogram.h">
      <Filter>Header Files</Filter>
    </ClInclude>
    <ClInclude Include="MaximalRectangle.h">
      <Filter>Header Files</Filter>
    </ClInclude>
    <ClInclude Include="RemoveDuplicatesfromSortedList.h">
      <Filter>Header Files</Filter>
    </ClInclude>
    <ClInclude Include="RemoveDuplicatesfromSortedListII.h">
      <Filter>Header Files</Filter>
    </ClInclude>
    <ClInclude Include="SearchinRotatedSortedArray.h">
      <Filter>Header Files</Filter>
    </ClInclude>
    <ClInclude Include="SearchinRotatedSortedArrayII.h">
      <Filter>Header Files</Filter>
    </ClInclude>
    <ClInclude Include="RemoveDuplicatesfromSortedArrayII.h">
      <Filter>Header Files</Filter>
    </ClInclude>
    <ClInclude Include="RemoveDuplicatesfromSortedArray.h">
      <Filter>Header Files</Filter>
    </ClInclude>
    <ClInclude Include="WordSearch.h">
      <Filter>Header Files</Filter>
    </ClInclude>
    <ClInclude Include="Combinations.h">
      <Filter>Header Files</Filter>
    </ClInclude>
    <ClInclude Include="InsertInterval.h">
      <Filter>Header Files</Filter>
    </ClInclude>
    <ClInclude Include="MergeIntervals.h">
      <Filter>Header Files</Filter>
    </ClInclude>
    <ClInclude Include="JumpGame.h">
      <Filter>Header Files</Filter>
    </ClInclude>
    <ClInclude Include="Powxn.h">
      <Filter>Header Files</Filter>
    </ClInclude>
    <ClInclude Include="Anagrams.h">
      <Filter>Header Files</Filter>
    </ClInclude>
    <ClInclude Include="RotateImage.h">
      <Filter>Header Files</Filter>
    </ClInclude>
    <ClInclude Include="Permutations.h">
      <Filter>Header Files</Filter>
    </ClInclude>
    <ClInclude Include="JumpGameII.h">
      <Filter>Header Files</Filter>
    </ClInclude>
    <ClInclude Include="WildcardMatching.h">
      <Filter>Header Files</Filter>
    </ClInclude>
    <ClInclude Include="MultiplyStrings.h">
      <Filter>Header Files</Filter>
    </ClInclude>
    <ClInclude Include="TrappingRainWater.h">
      <Filter>Header Files</Filter>
    </ClInclude>
    <ClInclude Include="FirstMissingPositive.h">
      <Filter>Header Files</Filter>
    </ClInclude>
    <ClInclude Include="CombinationSum.h">
      <Filter>Header Files</Filter>
    </ClInclude>
    <ClInclude Include="CombinationSumII.h">
      <Filter>Header Files</Filter>
    </ClInclude>
  </ItemGroup>
  <ItemGroup>
    <ClCompile Include="main.cpp">
      <Filter>Source Files</Filter>
    </ClCompile>
  </ItemGroup>
</Project>